// !$*UTF8*$!
{
	archiveVersion = 1;
	classes = {
	};
	objectVersion = 56;
	objects = {

/* Begin PBXBuildFile section */
		0A130BD02A8DFA60003FBA19 /* LocationServicesVC.swift in Sources */ = {isa = PBXBuildFile; fileRef = 0A130BCF2A8DFA60003FBA19 /* LocationServicesVC.swift */; };
		0A1603B82A8CA63C00152AA2 /* URLEnum.swift in Sources */ = {isa = PBXBuildFile; fileRef = 0A1603B72A8CA63C00152AA2 /* URLEnum.swift */; };
		0A6B55EF2A8E193D00C90AD8 /* RegisterViewController.swift in Sources */ = {isa = PBXBuildFile; fileRef = 0A6B55EE2A8E193D00C90AD8 /* RegisterViewController.swift */; };
		0A96BC942A8938CC00CE7EC1 /* AppDelegate.swift in Sources */ = {isa = PBXBuildFile; fileRef = 0A96BC932A8938CC00CE7EC1 /* AppDelegate.swift */; };
		0A96BC962A8938CC00CE7EC1 /* SceneDelegate.swift in Sources */ = {isa = PBXBuildFile; fileRef = 0A96BC952A8938CC00CE7EC1 /* SceneDelegate.swift */; };
		0A96BC9D2A8938CF00CE7EC1 /* Assets.xcassets in Resources */ = {isa = PBXBuildFile; fileRef = 0A96BC9C2A8938CF00CE7EC1 /* Assets.xcassets */; };
		0A96BCA02A8938CF00CE7EC1 /* LaunchScreen.storyboard in Resources */ = {isa = PBXBuildFile; fileRef = 0A96BC9E2A8938CF00CE7EC1 /* LaunchScreen.storyboard */; };
		0A96BCA92A89390B00CE7EC1 /* SnapKit in Frameworks */ = {isa = PBXBuildFile; productRef = 0A96BCA82A89390B00CE7EC1 /* SnapKit */; };
		0A96BCB42A89394300CE7EC1 /* Raleway-Bold.ttf in Resources */ = {isa = PBXBuildFile; fileRef = 0A96BCAC2A89394300CE7EC1 /* Raleway-Bold.ttf */; };
		0A96BCB52A89394300CE7EC1 /* SpaceMono-Regular.ttf in Resources */ = {isa = PBXBuildFile; fileRef = 0A96BCAD2A89394300CE7EC1 /* SpaceMono-Regular.ttf */; };
		0A96BCB62A89394300CE7EC1 /* Raleway-SemiBold.ttf in Resources */ = {isa = PBXBuildFile; fileRef = 0A96BCAE2A89394300CE7EC1 /* Raleway-SemiBold.ttf */; };
		0A96BCB72A89394300CE7EC1 /* Trispace-Bold.ttf in Resources */ = {isa = PBXBuildFile; fileRef = 0A96BCAF2A89394300CE7EC1 /* Trispace-Bold.ttf */; };
		0A96BCB82A89394300CE7EC1 /* Trispace-Medium.ttf in Resources */ = {isa = PBXBuildFile; fileRef = 0A96BCB02A89394300CE7EC1 /* Trispace-Medium.ttf */; };
		0A96BCB92A89394300CE7EC1 /* Raleway-Regular.ttf in Resources */ = {isa = PBXBuildFile; fileRef = 0A96BCB12A89394300CE7EC1 /* Raleway-Regular.ttf */; };
		0A96BCBA2A89394300CE7EC1 /* Raleway-Medium.ttf in Resources */ = {isa = PBXBuildFile; fileRef = 0A96BCB22A89394300CE7EC1 /* Raleway-Medium.ttf */; };
		0A96BCBB2A89394300CE7EC1 /* Trispace-Regular.ttf in Resources */ = {isa = PBXBuildFile; fileRef = 0A96BCB32A89394300CE7EC1 /* Trispace-Regular.ttf */; };
		0A96BCC82A8939BF00CE7EC1 /* Character.swift in Sources */ = {isa = PBXBuildFile; fileRef = 0A96BCC72A8939BF00CE7EC1 /* Character.swift */; };
		0A96BCCD2A8939E900CE7EC1 /* CharacterCellView.swift in Sources */ = {isa = PBXBuildFile; fileRef = 0A96BCCA2A8939E900CE7EC1 /* CharacterCellView.swift */; };
		0A96BCCE2A8939E900CE7EC1 /* CustomTextField.swift in Sources */ = {isa = PBXBuildFile; fileRef = 0A96BCCB2A8939E900CE7EC1 /* CustomTextField.swift */; };
		0A96BCCF2A8939E900CE7EC1 /* CustomButton.swift in Sources */ = {isa = PBXBuildFile; fileRef = 0A96BCCC2A8939E900CE7EC1 /* CustomButton.swift */; };
		0A96BCD12A8939FA00CE7EC1 /* LoginViewController.swift in Sources */ = {isa = PBXBuildFile; fileRef = 0A96BCD02A8939FA00CE7EC1 /* LoginViewController.swift */; };
		0A96BCDB2A893A6B00CE7EC1 /* Fonts.swift in Sources */ = {isa = PBXBuildFile; fileRef = 0A96BCD92A893A6B00CE7EC1 /* Fonts.swift */; };
		0A96BCDC2A893A6B00CE7EC1 /* Extensions.swift in Sources */ = {isa = PBXBuildFile; fileRef = 0A96BCDA2A893A6B00CE7EC1 /* Extensions.swift */; };
		0A96BCDE2A893B8000CE7EC1 /* LoginViewModel.swift in Sources */ = {isa = PBXBuildFile; fileRef = 0A96BCDD2A893B8000CE7EC1 /* LoginViewModel.swift */; };
		0A96BCE02A893E1900CE7EC1 /* CharacterListViewController.swift in Sources */ = {isa = PBXBuildFile; fileRef = 0A96BCDF2A893E1900CE7EC1 /* CharacterListViewController.swift */; };
		0A96BCE22A893E1F00CE7EC1 /* CharacterDetailViewController.swift in Sources */ = {isa = PBXBuildFile; fileRef = 0A96BCE12A893E1F00CE7EC1 /* CharacterDetailViewController.swift */; };
		0A96BCE42A89707F00CE7EC1 /* User.swift in Sources */ = {isa = PBXBuildFile; fileRef = 0A96BCE32A89707F00CE7EC1 /* User.swift */; };
		0A96BCE92A898B3700CE7EC1 /* CharacterDetailViewModel.swift in Sources */ = {isa = PBXBuildFile; fileRef = 0A96BCE82A898B3700CE7EC1 /* CharacterDetailViewModel.swift */; };
		0A96BCEB2A898B4400CE7EC1 /* CharacterListViewModel.swift in Sources */ = {isa = PBXBuildFile; fileRef = 0A96BCEA2A898B4400CE7EC1 /* CharacterListViewModel.swift */; };
		0AD8574C2A8B92C800C7E1FA /* NetworkHelper.swift in Sources */ = {isa = PBXBuildFile; fileRef = 0AD8574B2A8B92C800C7E1FA /* NetworkHelper.swift */; };
		0AD8574F2A8B92E500C7E1FA /* Alamofire in Frameworks */ = {isa = PBXBuildFile; productRef = 0AD8574E2A8B92E500C7E1FA /* Alamofire */; };
		0AD857522A8BA1A200C7E1FA /* AddCharacterViewController.swift in Sources */ = {isa = PBXBuildFile; fileRef = 0AD857512A8BA1A200C7E1FA /* AddCharacterViewController.swift */; };
		0AD857542A8BA40400C7E1FA /* AddCharacterViewModel.swift in Sources */ = {isa = PBXBuildFile; fileRef = 0AD857532A8BA40400C7E1FA /* AddCharacterViewModel.swift */; };
		0AFC1D9B2A8E30A4002A55B1 /* Register.swift in Sources */ = {isa = PBXBuildFile; fileRef = 0AFC1D9A2A8E30A4002A55B1 /* Register.swift */; };
		0AFC1D9D2A8E30FC002A55B1 /* RegisterViewModel.swift in Sources */ = {isa = PBXBuildFile; fileRef = 0AFC1D9C2A8E30FC002A55B1 /* RegisterViewModel.swift */; };
		0AFC1D9F2A8E4941002A55B1 /* Login.swift in Sources */ = {isa = PBXBuildFile; fileRef = 0AFC1D9E2A8E4941002A55B1 /* Login.swift */; };
		0AFC1DA12A8E4DE2002A55B1 /* Keychain.swift in Sources */ = {isa = PBXBuildFile; fileRef = 0AFC1DA02A8E4DE2002A55B1 /* Keychain.swift */; };
		0AFC1DA32A8E55B4002A55B1 /* ProfileViewController.swift in Sources */ = {isa = PBXBuildFile; fileRef = 0AFC1DA22A8E55B4002A55B1 /* ProfileViewController.swift */; };
		0AFC1DA62A8E5638002A55B1 /* ProfileViewModel.swift in Sources */ = {isa = PBXBuildFile; fileRef = 0AFC1DA52A8E5638002A55B1 /* ProfileViewModel.swift */; };
/* End PBXBuildFile section */

/* Begin PBXFileReference section */
		0A130BCF2A8DFA60003FBA19 /* LocationServicesVC.swift */ = {isa = PBXFileReference; lastKnownFileType = sourcecode.swift; path = LocationServicesVC.swift; sourceTree = "<group>"; };
		0A1603B72A8CA63C00152AA2 /* URLEnum.swift */ = {isa = PBXFileReference; lastKnownFileType = sourcecode.swift; path = URLEnum.swift; sourceTree = "<group>"; };
		0A6B55EE2A8E193D00C90AD8 /* RegisterViewController.swift */ = {isa = PBXFileReference; lastKnownFileType = sourcecode.swift; path = RegisterViewController.swift; sourceTree = "<group>"; };
		0A96BC902A8938CC00CE7EC1 /* MandalorianApp.app */ = {isa = PBXFileReference; explicitFileType = wrapper.application; includeInIndex = 0; path = MandalorianApp.app; sourceTree = BUILT_PRODUCTS_DIR; };
		0A96BC932A8938CC00CE7EC1 /* AppDelegate.swift */ = {isa = PBXFileReference; lastKnownFileType = sourcecode.swift; path = AppDelegate.swift; sourceTree = "<group>"; };
		0A96BC952A8938CC00CE7EC1 /* SceneDelegate.swift */ = {isa = PBXFileReference; lastKnownFileType = sourcecode.swift; path = SceneDelegate.swift; sourceTree = "<group>"; };
		0A96BC9C2A8938CF00CE7EC1 /* Assets.xcassets */ = {isa = PBXFileReference; lastKnownFileType = folder.assetcatalog; path = Assets.xcassets; sourceTree = "<group>"; };
		0A96BC9F2A8938CF00CE7EC1 /* Base */ = {isa = PBXFileReference; lastKnownFileType = file.storyboard; name = Base; path = Base.lproj/LaunchScreen.storyboard; sourceTree = "<group>"; };
		0A96BCA12A8938CF00CE7EC1 /* Info.plist */ = {isa = PBXFileReference; lastKnownFileType = text.plist.xml; path = Info.plist; sourceTree = "<group>"; };
		0A96BCAC2A89394300CE7EC1 /* Raleway-Bold.ttf */ = {isa = PBXFileReference; lastKnownFileType = file; path = "Raleway-Bold.ttf"; sourceTree = "<group>"; };
		0A96BCAD2A89394300CE7EC1 /* SpaceMono-Regular.ttf */ = {isa = PBXFileReference; lastKnownFileType = file; path = "SpaceMono-Regular.ttf"; sourceTree = "<group>"; };
		0A96BCAE2A89394300CE7EC1 /* Raleway-SemiBold.ttf */ = {isa = PBXFileReference; lastKnownFileType = file; path = "Raleway-SemiBold.ttf"; sourceTree = "<group>"; };
		0A96BCAF2A89394300CE7EC1 /* Trispace-Bold.ttf */ = {isa = PBXFileReference; lastKnownFileType = file; path = "Trispace-Bold.ttf"; sourceTree = "<group>"; };
		0A96BCB02A89394300CE7EC1 /* Trispace-Medium.ttf */ = {isa = PBXFileReference; lastKnownFileType = file; path = "Trispace-Medium.ttf"; sourceTree = "<group>"; };
		0A96BCB12A89394300CE7EC1 /* Raleway-Regular.ttf */ = {isa = PBXFileReference; lastKnownFileType = file; path = "Raleway-Regular.ttf"; sourceTree = "<group>"; };
		0A96BCB22A89394300CE7EC1 /* Raleway-Medium.ttf */ = {isa = PBXFileReference; lastKnownFileType = file; path = "Raleway-Medium.ttf"; sourceTree = "<group>"; };
		0A96BCB32A89394300CE7EC1 /* Trispace-Regular.ttf */ = {isa = PBXFileReference; lastKnownFileType = file; path = "Trispace-Regular.ttf"; sourceTree = "<group>"; };
		0A96BCC72A8939BF00CE7EC1 /* Character.swift */ = {isa = PBXFileReference; lastKnownFileType = sourcecode.swift; path = Character.swift; sourceTree = "<group>"; };
		0A96BCCA2A8939E900CE7EC1 /* CharacterCellView.swift */ = {isa = PBXFileReference; fileEncoding = 4; lastKnownFileType = sourcecode.swift; path = CharacterCellView.swift; sourceTree = "<group>"; };
		0A96BCCB2A8939E900CE7EC1 /* CustomTextField.swift */ = {isa = PBXFileReference; fileEncoding = 4; lastKnownFileType = sourcecode.swift; path = CustomTextField.swift; sourceTree = "<group>"; };
		0A96BCCC2A8939E900CE7EC1 /* CustomButton.swift */ = {isa = PBXFileReference; fileEncoding = 4; lastKnownFileType = sourcecode.swift; path = CustomButton.swift; sourceTree = "<group>"; };
		0A96BCD02A8939FA00CE7EC1 /* LoginViewController.swift */ = {isa = PBXFileReference; fileEncoding = 4; lastKnownFileType = sourcecode.swift; path = LoginViewController.swift; sourceTree = "<group>"; };
		0A96BCD92A893A6B00CE7EC1 /* Fonts.swift */ = {isa = PBXFileReference; fileEncoding = 4; lastKnownFileType = sourcecode.swift; path = Fonts.swift; sourceTree = "<group>"; };
		0A96BCDA2A893A6B00CE7EC1 /* Extensions.swift */ = {isa = PBXFileReference; fileEncoding = 4; lastKnownFileType = sourcecode.swift; path = Extensions.swift; sourceTree = "<group>"; };
		0A96BCDD2A893B8000CE7EC1 /* LoginViewModel.swift */ = {isa = PBXFileReference; fileEncoding = 4; lastKnownFileType = sourcecode.swift; path = LoginViewModel.swift; sourceTree = "<group>"; };
		0A96BCDF2A893E1900CE7EC1 /* CharacterListViewController.swift */ = {isa = PBXFileReference; fileEncoding = 4; lastKnownFileType = sourcecode.swift; path = CharacterListViewController.swift; sourceTree = "<group>"; };
		0A96BCE12A893E1F00CE7EC1 /* CharacterDetailViewController.swift */ = {isa = PBXFileReference; fileEncoding = 4; lastKnownFileType = sourcecode.swift; path = CharacterDetailViewController.swift; sourceTree = "<group>"; };
		0A96BCE32A89707F00CE7EC1 /* User.swift */ = {isa = PBXFileReference; lastKnownFileType = sourcecode.swift; path = User.swift; sourceTree = "<group>"; };
		0A96BCE82A898B3700CE7EC1 /* CharacterDetailViewModel.swift */ = {isa = PBXFileReference; lastKnownFileType = sourcecode.swift; path = CharacterDetailViewModel.swift; sourceTree = "<group>"; };
		0A96BCEA2A898B4400CE7EC1 /* CharacterListViewModel.swift */ = {isa = PBXFileReference; lastKnownFileType = sourcecode.swift; path = CharacterListViewModel.swift; sourceTree = "<group>"; };
		0AD8574B2A8B92C800C7E1FA /* NetworkHelper.swift */ = {isa = PBXFileReference; lastKnownFileType = sourcecode.swift; path = NetworkHelper.swift; sourceTree = "<group>"; };
		0AD857512A8BA1A200C7E1FA /* AddCharacterViewController.swift */ = {isa = PBXFileReference; lastKnownFileType = sourcecode.swift; path = AddCharacterViewController.swift; sourceTree = "<group>"; };
		0AD857532A8BA40400C7E1FA /* AddCharacterViewModel.swift */ = {isa = PBXFileReference; lastKnownFileType = sourcecode.swift; path = AddCharacterViewModel.swift; sourceTree = "<group>"; };
		0AFC1D9A2A8E30A4002A55B1 /* Register.swift */ = {isa = PBXFileReference; lastKnownFileType = sourcecode.swift; path = Register.swift; sourceTree = "<group>"; };
		0AFC1D9C2A8E30FC002A55B1 /* RegisterViewModel.swift */ = {isa = PBXFileReference; lastKnownFileType = sourcecode.swift; path = RegisterViewModel.swift; sourceTree = "<group>"; };
		0AFC1D9E2A8E4941002A55B1 /* Login.swift */ = {isa = PBXFileReference; lastKnownFileType = sourcecode.swift; path = Login.swift; sourceTree = "<group>"; };
		0AFC1DA02A8E4DE2002A55B1 /* Keychain.swift */ = {isa = PBXFileReference; lastKnownFileType = sourcecode.swift; path = Keychain.swift; sourceTree = "<group>"; };
		0AFC1DA22A8E55B4002A55B1 /* ProfileViewController.swift */ = {isa = PBXFileReference; lastKnownFileType = sourcecode.swift; path = ProfileViewController.swift; sourceTree = "<group>"; };
		0AFC1DA52A8E5638002A55B1 /* ProfileViewModel.swift */ = {isa = PBXFileReference; lastKnownFileType = sourcecode.swift; path = ProfileViewModel.swift; sourceTree = "<group>"; };
/* End PBXFileReference section */

/* Begin PBXFrameworksBuildPhase section */
		0A96BC8D2A8938CC00CE7EC1 /* Frameworks */ = {
			isa = PBXFrameworksBuildPhase;
			buildActionMask = 2147483647;
			files = (
				0AD8574F2A8B92E500C7E1FA /* Alamofire in Frameworks */,
				0A96BCA92A89390B00CE7EC1 /* SnapKit in Frameworks */,
			);
			runOnlyForDeploymentPostprocessing = 0;
		};
/* End PBXFrameworksBuildPhase section */

/* Begin PBXGroup section */
		0A96BC872A8938CC00CE7EC1 = {
			isa = PBXGroup;
			children = (
				0A96BC922A8938CC00CE7EC1 /* MandalorianApp */,
				0A96BC912A8938CC00CE7EC1 /* Products */,
			);
			sourceTree = "<group>";
		};
		0A96BC912A8938CC00CE7EC1 /* Products */ = {
			isa = PBXGroup;
			children = (
				0A96BC902A8938CC00CE7EC1 /* MandalorianApp.app */,
			);
			name = Products;
			sourceTree = "<group>";
		};
		0A96BC922A8938CC00CE7EC1 /* MandalorianApp */ = {
			isa = PBXGroup;
			children = (
				0AFC1DA42A8E561E002A55B1 /* Samples */,
				0AD857502A8B989400C7E1FA /* Services */,
				0A96BCC62A8939AD00CE7EC1 /* Models */,
				0A96BCC52A8939A200CE7EC1 /* ViewModels */,
				0A96BCC42A89399700CE7EC1 /* Views */,
				0A96BCD32A893A4800CE7EC1 /* Helpers */,
				0A96BCAA2A89392A00CE7EC1 /* Resources */,
				0A96BC932A8938CC00CE7EC1 /* AppDelegate.swift */,
				0A96BC952A8938CC00CE7EC1 /* SceneDelegate.swift */,
				0A96BC9E2A8938CF00CE7EC1 /* LaunchScreen.storyboard */,
				0A96BCA12A8938CF00CE7EC1 /* Info.plist */,
			);
			path = MandalorianApp;
			sourceTree = "<group>";
		};
		0A96BCAA2A89392A00CE7EC1 /* Resources */ = {
			isa = PBXGroup;
			children = (
				0A96BCAB2A89393400CE7EC1 /* Fonts */,
				0A96BC9C2A8938CF00CE7EC1 /* Assets.xcassets */,
			);
			path = Resources;
			sourceTree = "<group>";
		};
		0A96BCAB2A89393400CE7EC1 /* Fonts */ = {
			isa = PBXGroup;
			children = (
				0A96BCAC2A89394300CE7EC1 /* Raleway-Bold.ttf */,
				0A96BCB22A89394300CE7EC1 /* Raleway-Medium.ttf */,
				0A96BCB12A89394300CE7EC1 /* Raleway-Regular.ttf */,
				0A96BCAE2A89394300CE7EC1 /* Raleway-SemiBold.ttf */,
				0A96BCAD2A89394300CE7EC1 /* SpaceMono-Regular.ttf */,
				0A96BCAF2A89394300CE7EC1 /* Trispace-Bold.ttf */,
				0A96BCB02A89394300CE7EC1 /* Trispace-Medium.ttf */,
				0A96BCB32A89394300CE7EC1 /* Trispace-Regular.ttf */,
			);
			path = Fonts;
			sourceTree = "<group>";
		};
		0A96BCC42A89399700CE7EC1 /* Views */ = {
			isa = PBXGroup;
			children = (
				0A96BCC92A8939DC00CE7EC1 /* CustomViews */,
				0A96BCE12A893E1F00CE7EC1 /* CharacterDetailViewController.swift */,
				0A96BCDF2A893E1900CE7EC1 /* CharacterListViewController.swift */,
				0A96BCD02A8939FA00CE7EC1 /* LoginViewController.swift */,
				0AD857512A8BA1A200C7E1FA /* AddCharacterViewController.swift */,
				0A6B55EE2A8E193D00C90AD8 /* RegisterViewController.swift */,
				0AFC1DA22A8E55B4002A55B1 /* ProfileViewController.swift */,
			);
			path = Views;
			sourceTree = "<group>";
		};
		0A96BCC52A8939A200CE7EC1 /* ViewModels */ = {
			isa = PBXGroup;
			children = (
				0A96BCDD2A893B8000CE7EC1 /* LoginViewModel.swift */,
				0A96BCE82A898B3700CE7EC1 /* CharacterDetailViewModel.swift */,
				0A96BCEA2A898B4400CE7EC1 /* CharacterListViewModel.swift */,
				0AD857532A8BA40400C7E1FA /* AddCharacterViewModel.swift */,
				0AFC1D9C2A8E30FC002A55B1 /* RegisterViewModel.swift */,
				0AFC1DA52A8E5638002A55B1 /* ProfileViewModel.swift */,
			);
			path = ViewModels;
			sourceTree = "<group>";
		};
		0A96BCC62A8939AD00CE7EC1 /* Models */ = {
			isa = PBXGroup;
			children = (
				0A96BCC72A8939BF00CE7EC1 /* Character.swift */,
				0A96BCE32A89707F00CE7EC1 /* User.swift */,
				0AFC1D9A2A8E30A4002A55B1 /* Register.swift */,
				0AFC1D9E2A8E4941002A55B1 /* Login.swift */,
			);
			path = Models;
			sourceTree = "<group>";
		};
		0A96BCC92A8939DC00CE7EC1 /* CustomViews */ = {
			isa = PBXGroup;
			children = (
				0A96BCCA2A8939E900CE7EC1 /* CharacterCellView.swift */,
				0A96BCCC2A8939E900CE7EC1 /* CustomButton.swift */,
				0A96BCCB2A8939E900CE7EC1 /* CustomTextField.swift */,
			);
			path = CustomViews;
			sourceTree = "<group>";
		};
		0A96BCD32A893A4800CE7EC1 /* Helpers */ = {
			isa = PBXGroup;
			children = (
				0A96BCDA2A893A6B00CE7EC1 /* Extensions.swift */,
				0A96BCD92A893A6B00CE7EC1 /* Fonts.swift */,
				0A1603B72A8CA63C00152AA2 /* URLEnum.swift */,
				0AFC1DA02A8E4DE2002A55B1 /* Keychain.swift */,
			);
			path = Helpers;
			sourceTree = "<group>";
		};
		0AD857502A8B989400C7E1FA /* Services */ = {
			isa = PBXGroup;
			children = (
				0AD8574B2A8B92C800C7E1FA /* NetworkHelper.swift */,
			);
			path = Services;
			sourceTree = "<group>";
		};
		0AFC1DA42A8E561E002A55B1 /* Samples */ = {
			isa = PBXGroup;
			children = (
				0A130BCF2A8DFA60003FBA19 /* LocationServicesVC.swift */,
			);
			path = Samples;
			sourceTree = "<group>";
		};
/* End PBXGroup section */

/* Begin PBXNativeTarget section */
		0A96BC8F2A8938CC00CE7EC1 /* MandalorianApp */ = {
			isa = PBXNativeTarget;
			buildConfigurationList = 0A96BCA42A8938CF00CE7EC1 /* Build configuration list for PBXNativeTarget "MandalorianApp" */;
			buildPhases = (
				0A96BC8C2A8938CC00CE7EC1 /* Sources */,
				0A96BC8D2A8938CC00CE7EC1 /* Frameworks */,
				0A96BC8E2A8938CC00CE7EC1 /* Resources */,
			);
			buildRules = (
			);
			dependencies = (
			);
			name = MandalorianApp;
			packageProductDependencies = (
				0A96BCA82A89390B00CE7EC1 /* SnapKit */,
				0AD8574E2A8B92E500C7E1FA /* Alamofire */,
			);
			productName = MandalorianApp;
			productReference = 0A96BC902A8938CC00CE7EC1 /* MandalorianApp.app */;
			productType = "com.apple.product-type.application";
		};
/* End PBXNativeTarget section */

/* Begin PBXProject section */
		0A96BC882A8938CC00CE7EC1 /* Project object */ = {
			isa = PBXProject;
			attributes = {
				BuildIndependentTargetsInParallel = 1;
				LastSwiftUpdateCheck = 1430;
				LastUpgradeCheck = 1430;
				TargetAttributes = {
					0A96BC8F2A8938CC00CE7EC1 = {
						CreatedOnToolsVersion = 14.3.1;
					};
				};
			};
			buildConfigurationList = 0A96BC8B2A8938CC00CE7EC1 /* Build configuration list for PBXProject "MandalorianApp" */;
			compatibilityVersion = "Xcode 14.0";
			developmentRegion = en;
			hasScannedForEncodings = 0;
			knownRegions = (
				en,
				Base,
			);
			mainGroup = 0A96BC872A8938CC00CE7EC1;
			packageReferences = (
				0A96BCA72A89390B00CE7EC1 /* XCRemoteSwiftPackageReference "SnapKit" */,
				0AD8574D2A8B92E500C7E1FA /* XCRemoteSwiftPackageReference "Alamofire" */,
			);
			productRefGroup = 0A96BC912A8938CC00CE7EC1 /* Products */;
			projectDirPath = "";
			projectRoot = "";
			targets = (
				0A96BC8F2A8938CC00CE7EC1 /* MandalorianApp */,
			);
		};
/* End PBXProject section */

/* Begin PBXResourcesBuildPhase section */
		0A96BC8E2A8938CC00CE7EC1 /* Resources */ = {
			isa = PBXResourcesBuildPhase;
			buildActionMask = 2147483647;
			files = (
				0A96BCA02A8938CF00CE7EC1 /* LaunchScreen.storyboard in Resources */,
				0A96BCB52A89394300CE7EC1 /* SpaceMono-Regular.ttf in Resources */,
				0A96BCB82A89394300CE7EC1 /* Trispace-Medium.ttf in Resources */,
				0A96BCB92A89394300CE7EC1 /* Raleway-Regular.ttf in Resources */,
				0A96BCBB2A89394300CE7EC1 /* Trispace-Regular.ttf in Resources */,
				0A96BCBA2A89394300CE7EC1 /* Raleway-Medium.ttf in Resources */,
				0A96BCB72A89394300CE7EC1 /* Trispace-Bold.ttf in Resources */,
				0A96BCB42A89394300CE7EC1 /* Raleway-Bold.ttf in Resources */,
				0A96BC9D2A8938CF00CE7EC1 /* Assets.xcassets in Resources */,
				0A96BCB62A89394300CE7EC1 /* Raleway-SemiBold.ttf in Resources */,
			);
			runOnlyForDeploymentPostprocessing = 0;
		};
/* End PBXResourcesBuildPhase section */

/* Begin PBXSourcesBuildPhase section */
		0A96BC8C2A8938CC00CE7EC1 /* Sources */ = {
			isa = PBXSourcesBuildPhase;
			buildActionMask = 2147483647;
			files = (
				0A96BCD12A8939FA00CE7EC1 /* LoginViewController.swift in Sources */,
				0AD857522A8BA1A200C7E1FA /* AddCharacterViewController.swift in Sources */,
				0A96BCC82A8939BF00CE7EC1 /* Character.swift in Sources */,
				0AFC1DA62A8E5638002A55B1 /* ProfileViewModel.swift in Sources */,
				0A96BCDE2A893B8000CE7EC1 /* LoginViewModel.swift in Sources */,
				0A96BC942A8938CC00CE7EC1 /* AppDelegate.swift in Sources */,
				0A96BCE02A893E1900CE7EC1 /* CharacterListViewController.swift in Sources */,
				0A96BCCF2A8939E900CE7EC1 /* CustomButton.swift in Sources */,
				0A96BCE42A89707F00CE7EC1 /* User.swift in Sources */,
				0A96BCCD2A8939E900CE7EC1 /* CharacterCellView.swift in Sources */,
				0A6B55EF2A8E193D00C90AD8 /* RegisterViewController.swift in Sources */,
				0AFC1DA32A8E55B4002A55B1 /* ProfileViewController.swift in Sources */,
				0A130BD02A8DFA60003FBA19 /* LocationServicesVC.swift in Sources */,
				0A96BCDC2A893A6B00CE7EC1 /* Extensions.swift in Sources */,
				0AFC1D9B2A8E30A4002A55B1 /* Register.swift in Sources */,
				0A96BCE22A893E1F00CE7EC1 /* CharacterDetailViewController.swift in Sources */,
				0AD8574C2A8B92C800C7E1FA /* NetworkHelper.swift in Sources */,
				0AFC1D9F2A8E4941002A55B1 /* Login.swift in Sources */,
				0A96BC962A8938CC00CE7EC1 /* SceneDelegate.swift in Sources */,
				0A96BCEB2A898B4400CE7EC1 /* CharacterListViewModel.swift in Sources */,
				0A96BCE92A898B3700CE7EC1 /* CharacterDetailViewModel.swift in Sources */,
				0AFC1DA12A8E4DE2002A55B1 /* Keychain.swift in Sources */,
				0A96BCDB2A893A6B00CE7EC1 /* Fonts.swift in Sources */,
				0AD857542A8BA40400C7E1FA /* AddCharacterViewModel.swift in Sources */,
				0A96BCCE2A8939E900CE7EC1 /* CustomTextField.swift in Sources */,
				0A1603B82A8CA63C00152AA2 /* URLEnum.swift in Sources */,
				0AFC1D9D2A8E30FC002A55B1 /* RegisterViewModel.swift in Sources */,
			);
			runOnlyForDeploymentPostprocessing = 0;
		};
/* End PBXSourcesBuildPhase section */

/* Begin PBXVariantGroup section */
		0A96BC9E2A8938CF00CE7EC1 /* LaunchScreen.storyboard */ = {
			isa = PBXVariantGroup;
			children = (
				0A96BC9F2A8938CF00CE7EC1 /* Base */,
			);
			name = LaunchScreen.storyboard;
			sourceTree = "<group>";
		};
/* End PBXVariantGroup section */

/* Begin XCBuildConfiguration section */
		0A96BCA22A8938CF00CE7EC1 /* Debug */ = {
			isa = XCBuildConfiguration;
			buildSettings = {
				ALWAYS_SEARCH_USER_PATHS = NO;
				CLANG_ANALYZER_NONNULL = YES;
				CLANG_ANALYZER_NUMBER_OBJECT_CONVERSION = YES_AGGRESSIVE;
				CLANG_CXX_LANGUAGE_STANDARD = "gnu++20";
				CLANG_ENABLE_MODULES = YES;
				CLANG_ENABLE_OBJC_ARC = YES;
				CLANG_ENABLE_OBJC_WEAK = YES;
				CLANG_WARN_BLOCK_CAPTURE_AUTORELEASING = YES;
				CLANG_WARN_BOOL_CONVERSION = YES;
				CLANG_WARN_COMMA = YES;
				CLANG_WARN_CONSTANT_CONVERSION = YES;
				CLANG_WARN_DEPRECATED_OBJC_IMPLEMENTATIONS = YES;
				CLANG_WARN_DIRECT_OBJC_ISA_USAGE = YES_ERROR;
				CLANG_WARN_DOCUMENTATION_COMMENTS = YES;
				CLANG_WARN_EMPTY_BODY = YES;
				CLANG_WARN_ENUM_CONVERSION = YES;
				CLANG_WARN_INFINITE_RECURSION = YES;
				CLANG_WARN_INT_CONVERSION = YES;
				CLANG_WARN_NON_LITERAL_NULL_CONVERSION = YES;
				CLANG_WARN_OBJC_IMPLICIT_RETAIN_SELF = YES;
				CLANG_WARN_OBJC_LITERAL_CONVERSION = YES;
				CLANG_WARN_OBJC_ROOT_CLASS = YES_ERROR;
				CLANG_WARN_QUOTED_INCLUDE_IN_FRAMEWORK_HEADER = YES;
				CLANG_WARN_RANGE_LOOP_ANALYSIS = YES;
				CLANG_WARN_STRICT_PROTOTYPES = YES;
				CLANG_WARN_SUSPICIOUS_MOVE = YES;
				CLANG_WARN_UNGUARDED_AVAILABILITY = YES_AGGRESSIVE;
				CLANG_WARN_UNREACHABLE_CODE = YES;
				CLANG_WARN__DUPLICATE_METHOD_MATCH = YES;
				COPY_PHASE_STRIP = NO;
				DEBUG_INFORMATION_FORMAT = dwarf;
				ENABLE_STRICT_OBJC_MSGSEND = YES;
				ENABLE_TESTABILITY = YES;
				GCC_C_LANGUAGE_STANDARD = gnu11;
				GCC_DYNAMIC_NO_PIC = NO;
				GCC_NO_COMMON_BLOCKS = YES;
				GCC_OPTIMIZATION_LEVEL = 0;
				GCC_PREPROCESSOR_DEFINITIONS = (
					"DEBUG=1",
					"$(inherited)",
				);
				GCC_WARN_64_TO_32_BIT_CONVERSION = YES;
				GCC_WARN_ABOUT_RETURN_TYPE = YES_ERROR;
				GCC_WARN_UNDECLARED_SELECTOR = YES;
				GCC_WARN_UNINITIALIZED_AUTOS = YES_AGGRESSIVE;
				GCC_WARN_UNUSED_FUNCTION = YES;
				GCC_WARN_UNUSED_VARIABLE = YES;
				IPHONEOS_DEPLOYMENT_TARGET = 16.4;
				MTL_ENABLE_DEBUG_INFO = INCLUDE_SOURCE;
				MTL_FAST_MATH = YES;
				ONLY_ACTIVE_ARCH = YES;
				SDKROOT = iphoneos;
				SWIFT_ACTIVE_COMPILATION_CONDITIONS = DEBUG;
				SWIFT_OPTIMIZATION_LEVEL = "-Onone";
			};
			name = Debug;
		};
		0A96BCA32A8938CF00CE7EC1 /* Release */ = {
			isa = XCBuildConfiguration;
			buildSettings = {
				ALWAYS_SEARCH_USER_PATHS = NO;
				CLANG_ANALYZER_NONNULL = YES;
				CLANG_ANALYZER_NUMBER_OBJECT_CONVERSION = YES_AGGRESSIVE;
				CLANG_CXX_LANGUAGE_STANDARD = "gnu++20";
				CLANG_ENABLE_MODULES = YES;
				CLANG_ENABLE_OBJC_ARC = YES;
				CLANG_ENABLE_OBJC_WEAK = YES;
				CLANG_WARN_BLOCK_CAPTURE_AUTORELEASING = YES;
				CLANG_WARN_BOOL_CONVERSION = YES;
				CLANG_WARN_COMMA = YES;
				CLANG_WARN_CONSTANT_CONVERSION = YES;
				CLANG_WARN_DEPRECATED_OBJC_IMPLEMENTATIONS = YES;
				CLANG_WARN_DIRECT_OBJC_ISA_USAGE = YES_ERROR;
				CLANG_WARN_DOCUMENTATION_COMMENTS = YES;
				CLANG_WARN_EMPTY_BODY = YES;
				CLANG_WARN_ENUM_CONVERSION = YES;
				CLANG_WARN_INFINITE_RECURSION = YES;
				CLANG_WARN_INT_CONVERSION = YES;
				CLANG_WARN_NON_LITERAL_NULL_CONVERSION = YES;
				CLANG_WARN_OBJC_IMPLICIT_RETAIN_SELF = YES;
				CLANG_WARN_OBJC_LITERAL_CONVERSION = YES;
				CLANG_WARN_OBJC_ROOT_CLASS = YES_ERROR;
				CLANG_WARN_QUOTED_INCLUDE_IN_FRAMEWORK_HEADER = YES;
				CLANG_WARN_RANGE_LOOP_ANALYSIS = YES;
				CLANG_WARN_STRICT_PROTOTYPES = YES;
				CLANG_WARN_SUSPICIOUS_MOVE = YES;
				CLANG_WARN_UNGUARDED_AVAILABILITY = YES_AGGRESSIVE;
				CLANG_WARN_UNREACHABLE_CODE = YES;
				CLANG_WARN__DUPLICATE_METHOD_MATCH = YES;
				COPY_PHASE_STRIP = NO;
				DEBUG_INFORMATION_FORMAT = "dwarf-with-dsym";
				ENABLE_NS_ASSERTIONS = NO;
				ENABLE_STRICT_OBJC_MSGSEND = YES;
				GCC_C_LANGUAGE_STANDARD = gnu11;
				GCC_NO_COMMON_BLOCKS = YES;
				GCC_WARN_64_TO_32_BIT_CONVERSION = YES;
				GCC_WARN_ABOUT_RETURN_TYPE = YES_ERROR;
				GCC_WARN_UNDECLARED_SELECTOR = YES;
				GCC_WARN_UNINITIALIZED_AUTOS = YES_AGGRESSIVE;
				GCC_WARN_UNUSED_FUNCTION = YES;
				GCC_WARN_UNUSED_VARIABLE = YES;
				IPHONEOS_DEPLOYMENT_TARGET = 16.4;
				MTL_ENABLE_DEBUG_INFO = NO;
				MTL_FAST_MATH = YES;
				SDKROOT = iphoneos;
				SWIFT_COMPILATION_MODE = wholemodule;
				SWIFT_OPTIMIZATION_LEVEL = "-O";
				VALIDATE_PRODUCT = YES;
			};
			name = Release;
		};
		0A96BCA52A8938CF00CE7EC1 /* Debug */ = {
			isa = XCBuildConfiguration;
			buildSettings = {
				ASSETCATALOG_COMPILER_APPICON_NAME = AppIcon;
				ASSETCATALOG_COMPILER_GLOBAL_ACCENT_COLOR_NAME = AccentColor;
				CODE_SIGN_STYLE = Automatic;
				CURRENT_PROJECT_VERSION = 1;
				DEVELOPMENT_TEAM = 9399X42BH3;
				GENERATE_INFOPLIST_FILE = YES;
				INFOPLIST_FILE = MandalorianApp/Info.plist;
				INFOPLIST_KEY_NSLocationAlwaysUsageDescription = "";
				INFOPLIST_KEY_NSLocationWhenInUseUsageDescription = "";
				INFOPLIST_KEY_UIApplicationSupportsIndirectInputEvents = YES;
				INFOPLIST_KEY_UILaunchStoryboardName = LaunchScreen;
				INFOPLIST_KEY_UISupportedInterfaceOrientations_iPad = "UIInterfaceOrientationPortrait UIInterfaceOrientationPortraitUpsideDown UIInterfaceOrientationLandscapeLeft UIInterfaceOrientationLandscapeRight";
				INFOPLIST_KEY_UISupportedInterfaceOrientations_iPhone = "UIInterfaceOrientationPortrait UIInterfaceOrientationLandscapeLeft UIInterfaceOrientationLandscapeRight";
				IPHONEOS_DEPLOYMENT_TARGET = 15.6;
				LD_RUNPATH_SEARCH_PATHS = (
					"$(inherited)",
					"@executable_path/Frameworks",
				);
				MARKETING_VERSION = 1.0;
				PRODUCT_BUNDLE_IDENTIFIER = net.furkandev.MandalorianApp;
				PRODUCT_NAME = "$(TARGET_NAME)";
				SWIFT_EMIT_LOC_STRINGS = YES;
				SWIFT_VERSION = 5.0;
				TARGETED_DEVICE_FAMILY = "1,2";
			};
			name = Debug;
		};
		0A96BCA62A8938CF00CE7EC1 /* Release */ = {
			isa = XCBuildConfiguration;
			buildSettings = {
				ASSETCATALOG_COMPILER_APPICON_NAME = AppIcon;
				ASSETCATALOG_COMPILER_GLOBAL_ACCENT_COLOR_NAME = AccentColor;
				CODE_SIGN_STYLE = Automatic;
				CURRENT_PROJECT_VERSION = 1;
				DEVELOPMENT_TEAM = 9399X42BH3;
				GENERATE_INFOPLIST_FILE = YES;
				INFOPLIST_FILE = MandalorianApp/Info.plist;
				INFOPLIST_KEY_NSLocationAlwaysUsageDescription = "";
				INFOPLIST_KEY_NSLocationWhenInUseUsageDescription = "";
				INFOPLIST_KEY_UIApplicationSupportsIndirectInputEvents = YES;
				INFOPLIST_KEY_UILaunchStoryboardName = LaunchScreen;
				INFOPLIST_KEY_UISupportedInterfaceOrientations_iPad = "UIInterfaceOrientationPortrait UIInterfaceOrientationPortraitUpsideDown UIInterfaceOrientationLandscapeLeft UIInterfaceOrientationLandscapeRight";
				INFOPLIST_KEY_UISupportedInterfaceOrientations_iPhone = "UIInterfaceOrientationPortrait UIInterfaceOrientationLandscapeLeft UIInterfaceOrientationLandscapeRight";
				IPHONEOS_DEPLOYMENT_TARGET = 15.6;
				LD_RUNPATH_SEARCH_PATHS = (
					"$(inherited)",
					"@executable_path/Frameworks",
				);
				MARKETING_VERSION = 1.0;
				PRODUCT_BUNDLE_IDENTIFIER = net.furkandev.MandalorianApp;
				PRODUCT_NAME = "$(TARGET_NAME)";
				SWIFT_EMIT_LOC_STRINGS = YES;
				SWIFT_VERSION = 5.0;
				TARGETED_DEVICE_FAMILY = "1,2";
			};
			name = Release;
		};
/* End XCBuildConfiguration section */

/* Begin XCConfigurationList section */
		0A96BC8B2A8938CC00CE7EC1 /* Build configuration list for PBXProject "MandalorianApp" */ = {
			isa = XCConfigurationList;
			buildConfigurations = (
				0A96BCA22A8938CF00CE7EC1 /* Debug */,
				0A96BCA32A8938CF00CE7EC1 /* Release */,
			);
			defaultConfigurationIsVisible = 0;
			defaultConfigurationName = Release;
		};
		0A96BCA42A8938CF00CE7EC1 /* Build configuration list for PBXNativeTarget "MandalorianApp" */ = {
			isa = XCConfigurationList;
			buildConfigurations = (
				0A96BCA52A8938CF00CE7EC1 /* Debug */,
				0A96BCA62A8938CF00CE7EC1 /* Release */,
			);
			defaultConfigurationIsVisible = 0;
			defaultConfigurationName = Release;
		};
/* End XCConfigurationList section */

/* Begin XCRemoteSwiftPackageReference section */
		0A96BCA72A89390B00CE7EC1 /* XCRemoteSwiftPackageReference "SnapKit" */ = {
			isa = XCRemoteSwiftPackageReference;
			repositoryURL = "https://github.com/SnapKit/SnapKit.git";
			requirement = {
				kind = upToNextMajorVersion;
				minimumVersion = 5.0.0;
			};
		};
		0AD8574D2A8B92E500C7E1FA /* XCRemoteSwiftPackageReference "Alamofire" */ = {
			isa = XCRemoteSwiftPackageReference;
			repositoryURL = "https://github.com/Alamofire/Alamofire";
			requirement = {
				kind = upToNextMajorVersion;
				minimumVersion = 5.0.0;
			};
		};
/* End XCRemoteSwiftPackageReference section */

/* Begin XCSwiftPackageProductDependency section */
		0A96BCA82A89390B00CE7EC1 /* SnapKit */ = {
			isa = XCSwiftPackageProductDependency;
			package = 0A96BCA72A89390B00CE7EC1 /* XCRemoteSwiftPackageReference "SnapKit" */;
			productName = SnapKit;
		};
		0AD8574E2A8B92E500C7E1FA /* Alamofire */ = {
			isa = XCSwiftPackageProductDependency;
			package = 0AD8574D2A8B92E500C7E1FA /* XCRemoteSwiftPackageReference "Alamofire" */;
			productName = Alamofire;
		};
/* End XCSwiftPackageProductDependency section */
	};
	rootObject = 0A96BC882A8938CC00CE7EC1 /* Project object */;
}
